
Microsoft Visual Studio Solution File, Format Version 12.00
# Visual Studio 15
VisualStudioVersion = 15.0.27703.2035
MinimumVisualStudioVersion = 10.0.40219.1
Project("{FAE04EC0-301F-11D3-BF4B-00C04F79EFBC}") = "RESTservices", "RESTservices\RESTservices.csproj", "{4E10F29A-3458-453A-97D8-5A541CD08D5E}"
EndProject
Global
	GlobalSection(SolutionConfigurationPlatforms) = preSolution
		Debug|Any CPU = Debug|Any CPU
		Release|Any CPU = Release|Any CPU
	EndGlobalSection
	GlobalSection(ProjectConfigurationPlatforms) = postSolution
		{4E10F29A-3458-453A-97D8-5A541CD08D5E}.Debug|Any CPU.ActiveCfg = Debug|Any CPU
		{4E10F29A-3458-453A-97D8-5A541CD08D5E}.Debug|Any CPU.Build.0 = Debug|Any CPU
		{4E10F29A-3458-453A-97D8-5A541CD08D5E}.Release|Any CPU.ActiveCfg = Release|Any CPU
		{4E10F29A-3458-453A-97D8-5A541CD08D5E}.Release|Any CPU.Build.0 = Release|Any CPU
	EndGlobalSection
	GlobalSection(SolutionProperties) = preSolution
		HideSolutionNode = FALSE
	EndGlobalSection
	GlobalSection(ExtensibilityGlobals) = postSolution
		SolutionGuid = {876E6194-6EBE-490C-91CE-3936B9EBF2F6}
	EndGlobalSection
EndGlobal
